
Microsoft Visual Studio Solution File, Format Version 12.00
# Visual Studio 15
VisualStudioVersion = 15.0.27428.2015
MinimumVisualStudioVersion = 10.0.40219.1
Project("{9A19103F-16F7-4668-BE54-9A1E7A4F7556}") = "cpintroduce", "cpintroduce\cpintroduce.csproj", "{5C281F82-93F7-4B2C-B1AC-0B8390CB0697}"
EndProject
Project("{9A19103F-16F7-4668-BE54-9A1E7A4F7556}") = "FgsModel", "FgsModel\FgsModel\FgsModel.csproj", "{B78C40BF-A1DD-433C-926D-431AF10E353C}"
EndProject
Project("{9A19103F-16F7-4668-BE54-9A1E7A4F7556}") = "Cpmongo", "CpMongo\Cpmongo.csproj", "{08CE81B0-4214-436A-8A77-1C914A21C85B}"
EndProject
Global
	GlobalSection(SolutionConfigurationPlatforms) = preSolution
		Debug|Any CPU = Debug|Any CPU
		Release|Any CPU = Release|Any CPU
	EndGlobalSection
	GlobalSection(ProjectConfigurationPlatforms) = postSolution
		{5C281F82-93F7-4B2C-B1AC-0B8390CB0697}.Debug|Any CPU.ActiveCfg = Debug|Any CPU
		{5C281F82-93F7-4B2C-B1AC-0B8390CB0697}.Debug|Any CPU.Build.0 = Debug|Any CPU
		{5C281F82-93F7-4B2C-B1AC-0B8390CB0697}.Release|Any CPU.ActiveCfg = Release|Any CPU
		{5C281F82-93F7-4B2C-B1AC-0B8390CB0697}.Release|Any CPU.Build.0 = Release|Any CPU
		{B78C40BF-A1DD-433C-926D-431AF10E353C}.Debug|Any CPU.ActiveCfg = Debug|Any CPU
		{B78C40BF-A1DD-433C-926D-431AF10E353C}.Debug|Any CPU.Build.0 = Debug|Any CPU
		{B78C40BF-A1DD-433C-926D-431AF10E353C}.Release|Any CPU.ActiveCfg = Release|Any CPU
		{B78C40BF-A1DD-433C-926D-431AF10E353C}.Release|Any CPU.Build.0 = Release|Any CPU
		{08CE81B0-4214-436A-8A77-1C914A21C85B}.Debug|Any CPU.ActiveCfg = Debug|Any CPU
		{08CE81B0-4214-436A-8A77-1C914A21C85B}.Debug|Any CPU.Build.0 = Debug|Any CPU
		{08CE81B0-4214-436A-8A77-1C914A21C85B}.Release|Any CPU.ActiveCfg = Release|Any CPU
		{08CE81B0-4214-436A-8A77-1C914A21C85B}.Release|Any CPU.Build.0 = Release|Any CPU
	EndGlobalSection
	GlobalSection(SolutionProperties) = preSolution
		HideSolutionNode = FALSE
	EndGlobalSection
	GlobalSection(ExtensibilityGlobals) = postSolution
		SolutionGuid = {FE271FBB-B7F6-4835-AAC0-3C0443B80D4F}
	EndGlobalSection
EndGlobal
